
Microsoft Visual Studio Solution File, Format Version 12.00
# Visual Studio 14
VisualStudioVersion = 14.0.24720.0
MinimumVisualStudioVersion = 10.0.40219.1
Project("{FAE04EC0-301F-11D3-BF4B-00C04F79EFBC}") = "BoardingHouse", "BoardingHouse\BoardingHouse.csproj", "{EAE3A519-1B1A-4485-94DE-464A8A04648F}"
EndProject
Project("{2150E333-8FDC-42A3-9474-1A3956D46DE8}") = "UI", "UI", "{9EDC4A68-060D-47A7-9951-8B69EA008776}"
EndProject
Project("{2150E333-8FDC-42A3-9474-1A3956D46DE8}") = "Domain", "Domain", "{CD45CE99-43BB-483C-9195-B5CA7120CA74}"
EndProject
Project("{2150E333-8FDC-42A3-9474-1A3956D46DE8}") = "Data", "Data", "{B8332E72-28C3-4D12-858C-44333DC0E797}"
EndProject
Project("{2150E333-8FDC-42A3-9474-1A3956D46DE8}") = "Business", "Business", "{9B62349B-C020-4AEC-9174-D107246A466D}"
EndProject
Project("{FAE04EC0-301F-11D3-BF4B-00C04F79EFBC}") = "Domain", "Domain\Domain.csproj", "{9627F441-315B-4789-8F88-38483E5941D0}"
EndProject
Project("{FAE04EC0-301F-11D3-BF4B-00C04F79EFBC}") = "Mappers", "Mappers\Mappers.csproj", "{C4F4581E-BD9D-460D-A4F5-F8F5204E9487}"
EndProject
Project("{FAE04EC0-301F-11D3-BF4B-00C04F79EFBC}") = "ViewModels", "ViewModels\ViewModels.csproj", "{62CFB6DA-B296-486D-8B64-30961CFC95E5}"
EndProject
Project("{FAE04EC0-301F-11D3-BF4B-00C04F79EFBC}") = "NHibernates", "NHibernate\NHibernates.csproj", "{C7EA2909-CFA6-4890-8858-103ADF754EE3}"
EndProject
Project("{FAE04EC0-301F-11D3-BF4B-00C04F79EFBC}") = "Service", "Service\Service.csproj", "{28A8BB00-1B28-4869-B97F-942D1D465C6B}"
EndProject
Global
	GlobalSection(SolutionConfigurationPlatforms) = preSolution
		Debug|Any CPU = Debug|Any CPU
		Release|Any CPU = Release|Any CPU
	EndGlobalSection
	GlobalSection(ProjectConfigurationPlatforms) = postSolution
		{EAE3A519-1B1A-4485-94DE-464A8A04648F}.Debug|Any CPU.ActiveCfg = Debug|Any CPU
		{EAE3A519-1B1A-4485-94DE-464A8A04648F}.Debug|Any CPU.Build.0 = Debug|Any CPU
		{EAE3A519-1B1A-4485-94DE-464A8A04648F}.Release|Any CPU.ActiveCfg = Release|Any CPU
		{EAE3A519-1B1A-4485-94DE-464A8A04648F}.Release|Any CPU.Build.0 = Release|Any CPU
		{9627F441-315B-4789-8F88-38483E5941D0}.Debug|Any CPU.ActiveCfg = Debug|Any CPU
		{9627F441-315B-4789-8F88-38483E5941D0}.Debug|Any CPU.Build.0 = Debug|Any CPU
		{9627F441-315B-4789-8F88-38483E5941D0}.Release|Any CPU.ActiveCfg = Release|Any CPU
		{9627F441-315B-4789-8F88-38483E5941D0}.Release|Any CPU.Build.0 = Release|Any CPU
		{C4F4581E-BD9D-460D-A4F5-F8F5204E9487}.Debug|Any CPU.ActiveCfg = Debug|Any CPU
		{C4F4581E-BD9D-460D-A4F5-F8F5204E9487}.Debug|Any CPU.Build.0 = Debug|Any CPU
		{C4F4581E-BD9D-460D-A4F5-F8F5204E9487}.Release|Any CPU.ActiveCfg = Release|Any CPU
		{C4F4581E-BD9D-460D-A4F5-F8F5204E9487}.Release|Any CPU.Build.0 = Release|Any CPU
		{62CFB6DA-B296-486D-8B64-30961CFC95E5}.Debug|Any CPU.ActiveCfg = Debug|Any CPU
		{62CFB6DA-B296-486D-8B64-30961CFC95E5}.Debug|Any CPU.Build.0 = Debug|Any CPU
		{62CFB6DA-B296-486D-8B64-30961CFC95E5}.Release|Any CPU.ActiveCfg = Release|Any CPU
		{62CFB6DA-B296-486D-8B64-30961CFC95E5}.Release|Any CPU.Build.0 = Release|Any CPU
		{C7EA2909-CFA6-4890-8858-103ADF754EE3}.Debug|Any CPU.ActiveCfg = Debug|Any CPU
		{C7EA2909-CFA6-4890-8858-103ADF754EE3}.Debug|Any CPU.Build.0 = Debug|Any CPU
		{C7EA2909-CFA6-4890-8858-103ADF754EE3}.Release|Any CPU.ActiveCfg = Release|Any CPU
		{C7EA2909-CFA6-4890-8858-103ADF754EE3}.Release|Any CPU.Build.0 = Release|Any CPU
		{28A8BB00-1B28-4869-B97F-942D1D465C6B}.Debug|Any CPU.ActiveCfg = Debug|Any CPU
		{28A8BB00-1B28-4869-B97F-942D1D465C6B}.Debug|Any CPU.Build.0 = Debug|Any CPU
		{28A8BB00-1B28-4869-B97F-942D1D465C6B}.Release|Any CPU.ActiveCfg = Release|Any CPU
		{28A8BB00-1B28-4869-B97F-942D1D465C6B}.Release|Any CPU.Build.0 = Release|Any CPU
	EndGlobalSection
	GlobalSection(SolutionProperties) = preSolution
		HideSolutionNode = FALSE
	EndGlobalSection
	GlobalSection(NestedProjects) = preSolution
		{EAE3A519-1B1A-4485-94DE-464A8A04648F} = {9EDC4A68-060D-47A7-9951-8B69EA008776}
		{9627F441-315B-4789-8F88-38483E5941D0} = {CD45CE99-43BB-483C-9195-B5CA7120CA74}
		{C4F4581E-BD9D-460D-A4F5-F8F5204E9487} = {CD45CE99-43BB-483C-9195-B5CA7120CA74}
		{62CFB6DA-B296-486D-8B64-30961CFC95E5} = {CD45CE99-43BB-483C-9195-B5CA7120CA74}
		{C7EA2909-CFA6-4890-8858-103ADF754EE3} = {B8332E72-28C3-4D12-858C-44333DC0E797}
		{28A8BB00-1B28-4869-B97F-942D1D465C6B} = {9B62349B-C020-4AEC-9174-D107246A466D}
	EndGlobalSection
EndGlobal
